
Microsoft Visual Studio Solution File, Format Version 12.00
# Visual Studio 15
VisualStudioVersion = 15.0.28010.2016
MinimumVisualStudioVersion = 10.0.40219.1
Project("{8BC9CEB8-8B4A-11D0-8D11-00A0C91BC942}") = "chapter 14", "chapter 14\chapter 14.vcxproj", "{9DE5D1BA-9D97-4496-BFD8-416120657CB8}"
EndProject
Global
	GlobalSection(SolutionConfigurationPlatforms) = preSolution
		Debug|x64 = Debug|x64
		Debug|x86 = Debug|x86
		Release|x64 = Release|x64
		Release|x86 = Release|x86
	EndGlobalSection
	GlobalSection(ProjectConfigurationPlatforms) = postSolution
		{9DE5D1BA-9D97-4496-BFD8-416120657CB8}.Debug|x64.ActiveCfg = Debug|x64
		{9DE5D1BA-9D97-4496-BFD8-416120657CB8}.Debug|x64.Build.0 = Debug|x64
		{9DE5D1BA-9D97-4496-BFD8-416120657CB8}.Debug|x86.ActiveCfg = Debug|Win32
		{9DE5D1BA-9D97-4496-BFD8-416120657CB8}.Debug|x86.Build.0 = Debug|Win32
		{9DE5D1BA-9D97-4496-BFD8-416120657CB8}.Release|x64.ActiveCfg = Release|x64
		{9DE5D1BA-9D97-4496-BFD8-416120657CB8}.Release|x64.Build.0 = Release|x64
		{9DE5D1BA-9D97-4496-BFD8-416120657CB8}.Release|x86.ActiveCfg = Release|Win32
		{9DE5D1BA-9D97-4496-BFD8-416120657CB8}.Release|x86.Build.0 = Release|Win32
	EndGlobalSection
	GlobalSection(SolutionProperties) = preSolution
		HideSolutionNode = FALSE
	EndGlobalSection
	GlobalSection(ExtensibilityGlobals) = postSolution
		SolutionGuid = {E012A059-D889-49D1-A2F4-9CB89D66596E}
	EndGlobalSection
EndGlobal
